
Microsoft Visual Studio Solution File, Format Version 12.00
# Visual Studio Version 16
VisualStudioVersion = 16.0.31410.357
MinimumVisualStudioVersion = 10.0.40219.1
Project("{FAE04EC0-301F-11D3-BF4B-00C04F79EFBC}") = "BillReader", "BillReader\BillReader.csproj", "{1879ED98-3F1D-422F-9CE1-F4903DCCAF5E}"
EndProject
Project("{FAE04EC0-301F-11D3-BF4B-00C04F79EFBC}") = "BillReaderTest", "BillReaderTest\BillReaderTest.csproj", "{3274516C-B635-444A-931B-7FFA30065ED8}"
EndProject
Global
	GlobalSection(SolutionConfigurationPlatforms) = preSolution
		Debug|Any CPU = Debug|Any CPU
		Release|Any CPU = Release|Any CPU
	EndGlobalSection
	GlobalSection(ProjectConfigurationPlatforms) = postSolution
		{1879ED98-3F1D-422F-9CE1-F4903DCCAF5E}.Debug|Any CPU.ActiveCfg = Debug|Any CPU
		{1879ED98-3F1D-422F-9CE1-F4903DCCAF5E}.Debug|Any CPU.Build.0 = Debug|Any CPU
		{1879ED98-3F1D-422F-9CE1-F4903DCCAF5E}.Release|Any CPU.ActiveCfg = Release|Any CPU
		{1879ED98-3F1D-422F-9CE1-F4903DCCAF5E}.Release|Any CPU.Build.0 = Release|Any CPU
		{3274516C-B635-444A-931B-7FFA30065ED8}.Debug|Any CPU.ActiveCfg = Debug|Any CPU
		{3274516C-B635-444A-931B-7FFA30065ED8}.Debug|Any CPU.Build.0 = Debug|Any CPU
		{3274516C-B635-444A-931B-7FFA30065ED8}.Release|Any CPU.ActiveCfg = Release|Any CPU
		{3274516C-B635-444A-931B-7FFA30065ED8}.Release|Any CPU.Build.0 = Release|Any CPU
	EndGlobalSection
	GlobalSection(SolutionProperties) = preSolution
		HideSolutionNode = FALSE
	EndGlobalSection
	GlobalSection(ExtensibilityGlobals) = postSolution
		SolutionGuid = {7667D477-F8FD-401C-B9A9-9C98F7FFDC16}
	EndGlobalSection
EndGlobal
